[[package]]
name = "mysql"
version = "0.0.3"
description = "Virtual package for MySQL-python"
category = "main"
optional = false
python-versions = "*"

[package.dependencies]
mysqlclient = "*"

[[package]]
name = "mysqlclient"
version = "2.0.3"
description = "Python interface to MySQL"
category = "main"
optional = false
python-versions = ">=3.5"

[metadata]
lock-version = "1.1"
python-versions = "^3.9"
content-hash = "0a0061f21476422bf2924a4dbbc92d598e1c85081b5fa95f39e06a2238761fef"

[metadata.files]
mysql = [
    {file = "mysql-0.0.3-py3-none-any.whl", hash = "sha256:8893cb143a5ac525c49ef358a23b8a0dc9721a95646f7bab6ca2f384c18a6a9a"},
    {file = "mysql-0.0.3.tar.gz", hash = "sha256:fd7bae7d7301ce7cd3932e5ff7f77bbc8e34872108252866e08d16d6b8e8de8c"},
]
mysqlclient = [
    {file = "mysqlclient-2.0.3-cp36-cp36m-win_amd64.whl", hash = "sha256:3381ca1a4f37ff1155fcfde20836b46416d66531add8843f6aa6d968982731c3"},
    {file = "mysqlclient-2.0.3-cp37-cp37m-win_amd64.whl", hash = "sha256:0ac0dd759c4ca02c35a9fedc24bc982cf75171651e8187c2495ec957a87dfff7"},
    {file = "mysqlclient-2.0.3-cp38-cp38-win_amd64.whl", hash = "sha256:71c4b330cf2313bbda0307fc858cc9055e64493ba9bf28454d25cf8b3ee8d7f5"},
    {file = "mysqlclient-2.0.3-cp39-cp39-win_amd64.whl", hash = "sha256:fc575093cf81b6605bed84653e48b277318b880dc9becf42dd47fa11ffd3e2b6"},
    {file = "mysqlclient-2.0.3.tar.gz", hash = "sha256:f6ebea7c008f155baeefe16c56cd3ee6239f7a5a9ae42396c2f1860f08a7c432"},
]
